PODS:
  - SharedModule (1.0)

DEPENDENCIES:
  - SharedModule (from `../SharedModule`)

EXTERNAL SOURCES:
  SharedModule:
    :path: "../SharedModule"

SPEC CHECKSUMS:
  SharedModule: 632264cfa41bfd40468b4f5928b3d10ff6f910ea

PODFILE CHECKSUM: 6160b22fadbb30010df40570d6b3370f93534437

COCOAPODS: 1.13.0
